
Microsoft Visual Studio Solution File, Format Version 12.00
# Visual Studio Version 17
VisualStudioVersion = 17.0.31903.59
MinimumVisualStudioVersion = 10.0.40219.1
Project("{2150E333-8FDC-42A3-9474-1A3956D46DE8}") = "src", "src", "{A53F7A48-C75D-44D4-A329-2C002DC36570}"
EndProject
Project("{FAE04EC0-301F-11D3-BF4B-00C04F79EFBC}") = "PSP.Domain", "src\PSP.Domain\PSP.Domain.csproj", "{C6698FEC-147C-4E4F-BCC2-15795B5CB133}"
EndProject
Project("{FAE04EC0-301F-11D3-BF4B-00C04F79EFBC}") = "PSP.Application", "src\PSP.Application\PSP.Application.csproj", "{390DEEEB-BB58-4381-BB40-FEE4E53ECA5F}"
EndProject
Project("{FAE04EC0-301F-11D3-BF4B-00C04F79EFBC}") = "PSP.Infrastructure", "src\PSP.Infrastructure\PSP.Infrastructure.csproj", "{23569E7C-2D05-4443-9BB4-2BFD577A4BAA}"
EndProject
Project("{FAE04EC0-301F-11D3-BF4B-00C04F79EFBC}") = "PSP.API", "src\PSP.Api\PSP.API.csproj", "{ECF84780-B4BD-4E9A-BB74-4640D7071E25}"
EndProject
Global
	GlobalSection(SolutionConfigurationPlatforms) = preSolution
		Debug|Any CPU = Debug|Any CPU
		Release|Any CPU = Release|Any CPU
	EndGlobalSection
	GlobalSection(SolutionProperties) = preSolution
		HideSolutionNode = FALSE
	EndGlobalSection
	GlobalSection(ProjectConfigurationPlatforms) = postSolution
		{C6698FEC-147C-4E4F-BCC2-15795B5CB133}.Debug|Any CPU.ActiveCfg = Debug|Any CPU
		{C6698FEC-147C-4E4F-BCC2-15795B5CB133}.Debug|Any CPU.Build.0 = Debug|Any CPU
		{C6698FEC-147C-4E4F-BCC2-15795B5CB133}.Release|Any CPU.ActiveCfg = Release|Any CPU
		{C6698FEC-147C-4E4F-BCC2-15795B5CB133}.Release|Any CPU.Build.0 = Release|Any CPU
		{390DEEEB-BB58-4381-BB40-FEE4E53ECA5F}.Debug|Any CPU.ActiveCfg = Debug|Any CPU
		{390DEEEB-BB58-4381-BB40-FEE4E53ECA5F}.Debug|Any CPU.Build.0 = Debug|Any CPU
		{390DEEEB-BB58-4381-BB40-FEE4E53ECA5F}.Release|Any CPU.ActiveCfg = Release|Any CPU
		{390DEEEB-BB58-4381-BB40-FEE4E53ECA5F}.Release|Any CPU.Build.0 = Release|Any CPU
		{23569E7C-2D05-4443-9BB4-2BFD577A4BAA}.Debug|Any CPU.ActiveCfg = Debug|Any CPU
		{23569E7C-2D05-4443-9BB4-2BFD577A4BAA}.Debug|Any CPU.Build.0 = Debug|Any CPU
		{23569E7C-2D05-4443-9BB4-2BFD577A4BAA}.Release|Any CPU.ActiveCfg = Release|Any CPU
		{23569E7C-2D05-4443-9BB4-2BFD577A4BAA}.Release|Any CPU.Build.0 = Release|Any CPU
		{ECF84780-B4BD-4E9A-BB74-4640D7071E25}.Debug|Any CPU.ActiveCfg = Debug|Any CPU
		{ECF84780-B4BD-4E9A-BB74-4640D7071E25}.Debug|Any CPU.Build.0 = Debug|Any CPU
		{ECF84780-B4BD-4E9A-BB74-4640D7071E25}.Release|Any CPU.ActiveCfg = Release|Any CPU
		{ECF84780-B4BD-4E9A-BB74-4640D7071E25}.Release|Any CPU.Build.0 = Release|Any CPU
	EndGlobalSection
	GlobalSection(NestedProjects) = preSolution
		{C6698FEC-147C-4E4F-BCC2-15795B5CB133} = {A53F7A48-C75D-44D4-A329-2C002DC36570}
		{390DEEEB-BB58-4381-BB40-FEE4E53ECA5F} = {A53F7A48-C75D-44D4-A329-2C002DC36570}
		{23569E7C-2D05-4443-9BB4-2BFD577A4BAA} = {A53F7A48-C75D-44D4-A329-2C002DC36570}
		{ECF84780-B4BD-4E9A-BB74-4640D7071E25} = {A53F7A48-C75D-44D4-A329-2C002DC36570}
	EndGlobalSection
EndGlobal
